
Microsoft Visual Studio Solution File, Format Version 12.00
# Visual Studio Version 17
VisualStudioVersion = 17.5.33516.290
MinimumVisualStudioVersion = 10.0.40219.1
Project("{9A19103F-16F7-4668-BE54-9A1E7A4F7556}") = "WebApp", "WebApp\WebApp.csproj", "{C1788297-3845-4A7D-B29F-EA94F157515E}"
EndProject
Project("{FAE04EC0-301F-11D3-BF4B-00C04F79EFBC}") = "ConsoleApp", "ConsoleApp\ConsoleApp.csproj", "{BE04A4FF-F582-4427-9E01-4E100505D1E4}"
EndProject
Project("{FAE04EC0-301F-11D3-BF4B-00C04F79EFBC}") = "WindowsForm", "WindowsForm\WindowsForm.csproj", "{F2DB010A-EB22-41E1-892F-4273EAA4F240}"
EndProject
Project("{FAE04EC0-301F-11D3-BF4B-00C04F79EFBC}") = "ClassLib", "ClassLib\ClassLib.csproj", "{9326F8F4-0E33-4AEB-865B-4E2762DC9D14}"
EndProject
Project("{FAE04EC0-301F-11D3-BF4B-00C04F79EFBC}") = "DataAdoProject", "DataAdoProject\DataAdoProject.csproj", "{FCAFC060-D900-46B1-8FBE-396570CD24D6}"
EndProject
Project("{FAE04EC0-301F-11D3-BF4B-00C04F79EFBC}") = "DatabaseFirstEF6", "DatabaseFirstEF6\DatabaseFirstEF6.csproj", "{0A8C4EFB-05FF-4118-82EC-3367E57A5E85}"
EndProject
Project("{FAE04EC0-301F-11D3-BF4B-00C04F79EFBC}") = "ModelFirstEF6", "ModelFirstEF6\ModelFirstEF6.csproj", "{0C0CE44D-D6AF-4369-A944-9BB5898024D4}"
EndProject
Project("{FAE04EC0-301F-11D3-BF4B-00C04F79EFBC}") = "CodeFirstEF6", "CodeFirstEF6\CodeFirstEF6.csproj", "{6495CC28-EA1E-44F2-AA43-35AFB80496FB}"
EndProject
Project("{FAE04EC0-301F-11D3-BF4B-00C04F79EFBC}") = "WebMVC", "WebMVC\WebMVC.csproj", "{27119CD4-3C03-405A-8859-51AF33E90099}"
EndProject
Global
	GlobalSection(SolutionConfigurationPlatforms) = preSolution
		Debug|Any CPU = Debug|Any CPU
		Release|Any CPU = Release|Any CPU
	EndGlobalSection
	GlobalSection(ProjectConfigurationPlatforms) = postSolution
		{C1788297-3845-4A7D-B29F-EA94F157515E}.Debug|Any CPU.ActiveCfg = Debug|Any CPU
		{C1788297-3845-4A7D-B29F-EA94F157515E}.Debug|Any CPU.Build.0 = Debug|Any CPU
		{C1788297-3845-4A7D-B29F-EA94F157515E}.Release|Any CPU.ActiveCfg = Release|Any CPU
		{C1788297-3845-4A7D-B29F-EA94F157515E}.Release|Any CPU.Build.0 = Release|Any CPU
		{BE04A4FF-F582-4427-9E01-4E100505D1E4}.Debug|Any CPU.ActiveCfg = Debug|Any CPU
		{BE04A4FF-F582-4427-9E01-4E100505D1E4}.Debug|Any CPU.Build.0 = Debug|Any CPU
		{BE04A4FF-F582-4427-9E01-4E100505D1E4}.Release|Any CPU.ActiveCfg = Release|Any CPU
		{BE04A4FF-F582-4427-9E01-4E100505D1E4}.Release|Any CPU.Build.0 = Release|Any CPU
		{F2DB010A-EB22-41E1-892F-4273EAA4F240}.Debug|Any CPU.ActiveCfg = Debug|Any CPU
		{F2DB010A-EB22-41E1-892F-4273EAA4F240}.Debug|Any CPU.Build.0 = Debug|Any CPU
		{F2DB010A-EB22-41E1-892F-4273EAA4F240}.Release|Any CPU.ActiveCfg = Release|Any CPU
		{F2DB010A-EB22-41E1-892F-4273EAA4F240}.Release|Any CPU.Build.0 = Release|Any CPU
		{9326F8F4-0E33-4AEB-865B-4E2762DC9D14}.Debug|Any CPU.ActiveCfg = Debug|Any CPU
		{9326F8F4-0E33-4AEB-865B-4E2762DC9D14}.Debug|Any CPU.Build.0 = Debug|Any CPU
		{9326F8F4-0E33-4AEB-865B-4E2762DC9D14}.Release|Any CPU.ActiveCfg = Release|Any CPU
		{9326F8F4-0E33-4AEB-865B-4E2762DC9D14}.Release|Any CPU.Build.0 = Release|Any CPU
		{FCAFC060-D900-46B1-8FBE-396570CD24D6}.Debug|Any CPU.ActiveCfg = Debug|Any CPU
		{FCAFC060-D900-46B1-8FBE-396570CD24D6}.Debug|Any CPU.Build.0 = Debug|Any CPU
		{FCAFC060-D900-46B1-8FBE-396570CD24D6}.Release|Any CPU.ActiveCfg = Release|Any CPU
		{FCAFC060-D900-46B1-8FBE-396570CD24D6}.Release|Any CPU.Build.0 = Release|Any CPU
		{0A8C4EFB-05FF-4118-82EC-3367E57A5E85}.Debug|Any CPU.ActiveCfg = Debug|Any CPU
		{0A8C4EFB-05FF-4118-82EC-3367E57A5E85}.Debug|Any CPU.Build.0 = Debug|Any CPU
		{0A8C4EFB-05FF-4118-82EC-3367E57A5E85}.Release|Any CPU.ActiveCfg = Release|Any CPU
		{0A8C4EFB-05FF-4118-82EC-3367E57A5E85}.Release|Any CPU.Build.0 = Release|Any CPU
		{0C0CE44D-D6AF-4369-A944-9BB5898024D4}.Debug|Any CPU.ActiveCfg = Debug|Any CPU
		{0C0CE44D-D6AF-4369-A944-9BB5898024D4}.Debug|Any CPU.Build.0 = Debug|Any CPU
		{0C0CE44D-D6AF-4369-A944-9BB5898024D4}.Release|Any CPU.ActiveCfg = Release|Any CPU
		{0C0CE44D-D6AF-4369-A944-9BB5898024D4}.Release|Any CPU.Build.0 = Release|Any CPU
		{6495CC28-EA1E-44F2-AA43-35AFB80496FB}.Debug|Any CPU.ActiveCfg = Debug|Any CPU
		{6495CC28-EA1E-44F2-AA43-35AFB80496FB}.Debug|Any CPU.Build.0 = Debug|Any CPU
		{6495CC28-EA1E-44F2-AA43-35AFB80496FB}.Release|Any CPU.ActiveCfg = Release|Any CPU
		{6495CC28-EA1E-44F2-AA43-35AFB80496FB}.Release|Any CPU.Build.0 = Release|Any CPU
		{27119CD4-3C03-405A-8859-51AF33E90099}.Debug|Any CPU.ActiveCfg = Debug|Any CPU
		{27119CD4-3C03-405A-8859-51AF33E90099}.Debug|Any CPU.Build.0 = Debug|Any CPU
		{27119CD4-3C03-405A-8859-51AF33E90099}.Release|Any CPU.ActiveCfg = Release|Any CPU
		{27119CD4-3C03-405A-8859-51AF33E90099}.Release|Any CPU.Build.0 = Release|Any CPU
	EndGlobalSection
	GlobalSection(SolutionProperties) = preSolution
		HideSolutionNode = FALSE
	EndGlobalSection
	GlobalSection(ExtensibilityGlobals) = postSolution
		SolutionGuid = {E4E2B6B1-980C-4E83-9919-1EFB8B4B51F4}
	EndGlobalSection
EndGlobal
